
Microsoft Visual Studio Solution File, Format Version 12.00
# Visual Studio Version 17
VisualStudioVersion = 17.8.34330.188
MinimumVisualStudioVersion = 10.0.40219.1
Project("{9A19103F-16F7-4668-BE54-9A1E7A4F7556}") = "SlashCommands", "SlashCommands\SlashCommands.csproj", "{6710913F-2FBF-4C5B-A62F-3A1AAD2000B2}"
EndProject
Global
	GlobalSection(SolutionConfigurationPlatforms) = preSolution
		Debug|Any CPU = Debug|Any CPU
		Release|Any CPU = Release|Any CPU
	EndGlobalSection
	GlobalSection(ProjectConfigurationPlatforms) = postSolution
		{6710913F-2FBF-4C5B-A62F-3A1AAD2000B2}.Debug|Any CPU.ActiveCfg = Debug|Any CPU
		{6710913F-2FBF-4C5B-A62F-3A1AAD2000B2}.Debug|Any CPU.Build.0 = Debug|Any CPU
		{6710913F-2FBF-4C5B-A62F-3A1AAD2000B2}.Release|Any CPU.ActiveCfg = Release|Any CPU
		{6710913F-2FBF-4C5B-A62F-3A1AAD2000B2}.Release|Any CPU.Build.0 = Release|Any CPU
	EndGlobalSection
	GlobalSection(SolutionProperties) = preSolution
		HideSolutionNode = FALSE
	EndGlobalSection
	GlobalSection(ExtensibilityGlobals) = postSolution
		SolutionGuid = {996988D2-B661-4534-9690-BF78A37F9D01}
	EndGlobalSection
EndGlobal
